
Microsoft Visual Studio Solution File, Format Version 12.00
# Visual Studio Version 17
VisualStudioVersion = 17.14.36429.23 d17.14
MinimumVisualStudioVersion = 10.0.40219.1
Project("{FAE04EC0-301F-11D3-BF4B-00C04F79EFBC}") = "AODB-Front", "AODB-Front.csproj", "{9902683E-E0AA-462C-9C94-13C01FE6CEEE}"
EndProject
Global
	GlobalSection(SolutionConfigurationPlatforms) = preSolution
		Debug|Any CPU = Debug|Any CPU
		Release|Any CPU = Release|Any CPU
	EndGlobalSection
	GlobalSection(ProjectConfigurationPlatforms) = postSolution
		{9902683E-E0AA-462C-9C94-13C01FE6CEEE}.Debug|Any CPU.ActiveCfg = Debug|Any CPU
		{9902683E-E0AA-462C-9C94-13C01FE6CEEE}.Debug|Any CPU.Build.0 = Debug|Any CPU
		{9902683E-E0AA-462C-9C94-13C01FE6CEEE}.Release|Any CPU.ActiveCfg = Release|Any CPU
		{9902683E-E0AA-462C-9C94-13C01FE6CEEE}.Release|Any CPU.Build.0 = Release|Any CPU
	EndGlobalSection
	GlobalSection(SolutionProperties) = preSolution
		HideSolutionNode = FALSE
	EndGlobalSection
	GlobalSection(ExtensibilityGlobals) = postSolution
		SolutionGuid = {1B3B0FE1-F2DB-4B47-9DAD-D61B4499AE4B}
	EndGlobalSection
EndGlobal
